// !$*UTF8*$!
{
	archiveVersion = 1;
	classes = {
	};
	objectVersion = 77;
	objects = {

/* Begin PBXFileReference section */
		7575956E2CCFE3940096A99F /* SlopeRacer.app */ = {isa = PBXFileReference; explicitFileType = wrapper.application; includeInIndex = 0; path = SlopeRacer.app; sourceTree = BUILT_PRODUCTS_DIR; };
		7575957F2CCFE3940096A99F /* SlopeRacer.app */ = {isa = PBXFileReference; explicitFileType = wrapper.application; includeInIndex = 0; path = SlopeRacer.app; sourceTree = BUILT_PRODUCTS_DIR; };
		7575958F2CCFE3940096A99F /* SlopeRacer.app */ = {isa = PBXFileReference; explicitFileType = wrapper.application; includeInIndex = 0; path = SlopeRacer.app; sourceTree = BUILT_PRODUCTS_DIR; };
/* End PBXFileReference section */

/* Begin PBXFileSystemSynchronizedBuildFileExceptionSet section */
		757595A52CCFE3940096A99F /* Exceptions for "SlopeRacer Shared" folder in "SlopeRacer iOS" target */ = {
			isa = PBXFileSystemSynchronizedBuildFileExceptionSet;
			membershipExceptions = (
				Actions.sks,
				Assets.xcassets,
				GameScene.sks,
				GameScene.swift,
			);
			target = 7575956D2CCFE3940096A99F /* SlopeRacer iOS */;
		};
		757595A92CCFE3940096A99F /* Exceptions for "SlopeRacer iOS" folder in "SlopeRacer iOS" target */ = {
			isa = PBXFileSystemSynchronizedBuildFileExceptionSet;
			membershipExceptions = (
				"/Localized: LaunchScreen.storyboard",
				"/Localized: Main.storyboard",
			);
			target = 7575956D2CCFE3940096A99F /* SlopeRacer iOS */;
		};
		757595AB2CCFE3940096A99F /* Exceptions for "SlopeRacer Shared" folder in "SlopeRacer tvOS" target */ = {
			isa = PBXFileSystemSynchronizedBuildFileExceptionSet;
			membershipExceptions = (
				Actions.sks,
				Assets.xcassets,
				GameScene.sks,
				GameScene.swift,
			);
			target = 7575957E2CCFE3940096A99F /* SlopeRacer tvOS */;
		};
		757595AF2CCFE3940096A99F /* Exceptions for "SlopeRacer tvOS" folder in "SlopeRacer tvOS" target */ = {
			isa = PBXFileSystemSynchronizedBuildFileExceptionSet;
			membershipExceptions = (
				"/Localized: LaunchScreen.storyboard",
				"/Localized: Main.storyboard",
			);
			target = 7575957E2CCFE3940096A99F /* SlopeRacer tvOS */;
		};
		757595B12CCFE3940096A99F /* Exceptions for "SlopeRacer Shared" folder in "SlopeRacer macOS" target */ = {
			isa = PBXFileSystemSynchronizedBuildFileExceptionSet;
			membershipExceptions = (
				Actions.sks,
				Assets.xcassets,
				GameScene.sks,
				GameScene.swift,
			);
			target = 7575958E2CCFE3940096A99F /* SlopeRacer macOS */;
		};
		757595B52CCFE3940096A99F /* Exceptions for "SlopeRacer macOS" folder in "SlopeRacer macOS" target */ = {
			isa = PBXFileSystemSynchronizedBuildFileExceptionSet;
			membershipExceptions = (
				"/Localized: Main.storyboard",
			);
			target = 7575958E2CCFE3940096A99F /* SlopeRacer macOS */;
		};
/* End PBXFileSystemSynchronizedBuildFileExceptionSet section */

/* Begin PBXFileSystemSynchronizedGroupBuildPhaseMembershipExceptionSet section */
		757595AA2CCFE3940096A99F /* Exceptions for "SlopeRacer iOS" folder in "Copy Bundle Resources" phase from "SlopeRacer iOS" target */ = {
			isa = PBXFileSystemSynchronizedGroupBuildPhaseMembershipExceptionSet;
			buildPhase = 7575956C2CCFE3940096A99F /* Resources */;
			membershipExceptions = (
				Base.lproj/LaunchScreen.storyboard,
				Base.lproj/Main.storyboard,
			);
		};
		757595B02CCFE3940096A99F /* Exceptions for "SlopeRacer tvOS" folder in "Copy Bundle Resources" phase from "SlopeRacer tvOS" target */ = {
			isa = PBXFileSystemSynchronizedGroupBuildPhaseMembershipExceptionSet;
			buildPhase = 7575957D2CCFE3940096A99F /* Resources */;
			membershipExceptions = (
				Base.lproj/LaunchScreen.storyboard,
				Base.lproj/Main.storyboard,
			);
		};
		757595B62CCFE3940096A99F /* Exceptions for "SlopeRacer macOS" folder in "Copy Bundle Resources" phase from "SlopeRacer macOS" target */ = {
			isa = PBXFileSystemSynchronizedGroupBuildPhaseMembershipExceptionSet;
			buildPhase = 7575958D2CCFE3940096A99F /* Resources */;
			membershipExceptions = (
				Base.lproj/Main.storyboard,
			);
		};
/* End PBXFileSystemSynchronizedGroupBuildPhaseMembershipExceptionSet section */

/* Begin PBXFileSystemSynchronizedRootGroup section */
		757595652CCFE3920096A99F /* SlopeRacer Shared */ = {
			isa = PBXFileSystemSynchronizedRootGroup;
			exceptions = (
				757595A52CCFE3940096A99F /* Exceptions for "SlopeRacer Shared" folder in "SlopeRacer iOS" target */,
				757595AB2CCFE3940096A99F /* Exceptions for "SlopeRacer Shared" folder in "SlopeRacer tvOS" target */,
				757595B12CCFE3940096A99F /* Exceptions for "SlopeRacer Shared" folder in "SlopeRacer macOS" target */,
			);
			path = "SlopeRacer Shared";
			sourceTree = "<group>";
		};
		757595702CCFE3940096A99F /* SlopeRacer iOS */ = {
			isa = PBXFileSystemSynchronizedRootGroup;
			exceptions = (
				757595A92CCFE3940096A99F /* Exceptions for "SlopeRacer iOS" folder in "SlopeRacer iOS" target */,
				757595AA2CCFE3940096A99F /* Exceptions for "SlopeRacer iOS" folder in "Copy Bundle Resources" phase from "SlopeRacer iOS" target */,
			);
			path = "SlopeRacer iOS";
			sourceTree = "<group>";
		};
		757595802CCFE3940096A99F /* SlopeRacer tvOS */ = {
			isa = PBXFileSystemSynchronizedRootGroup;
			exceptions = (
				757595AF2CCFE3940096A99F /* Exceptions for "SlopeRacer tvOS" folder in "SlopeRacer tvOS" target */,
				757595B02CCFE3940096A99F /* Exceptions for "SlopeRacer tvOS" folder in "Copy Bundle Resources" phase from "SlopeRacer tvOS" target */,
			);
			path = "SlopeRacer tvOS";
			sourceTree = "<group>";
		};
		757595902CCFE3940096A99F /* SlopeRacer macOS */ = {
			isa = PBXFileSystemSynchronizedRootGroup;
			exceptions = (
				757595B52CCFE3940096A99F /* Exceptions for "SlopeRacer macOS" folder in "SlopeRacer macOS" target */,
				757595B62CCFE3940096A99F /* Exceptions for "SlopeRacer macOS" folder in "Copy Bundle Resources" phase from "SlopeRacer macOS" target */,
			);
			path = "SlopeRacer macOS";
			sourceTree = "<group>";
		};
/* End PBXFileSystemSynchronizedRootGroup section */

/* Begin PBXFrameworksBuildPhase section */
		7575956B2CCFE3940096A99F /* Frameworks */ = {
			isa = PBXFrameworksBuildPhase;
			buildActionMask = 2147483647;
			files = (
			);
			runOnlyForDeploymentPostprocessing = 0;
		};
		7575957C2CCFE3940096A99F /* Frameworks */ = {
			isa = PBXFrameworksBuildPhase;
			buildActionMask = 2147483647;
			files = (
			);
			runOnlyForDeploymentPostprocessing = 0;
		};
		7575958C2CCFE3940096A99F /* Frameworks */ = {
			isa = PBXFrameworksBuildPhase;
			buildActionMask = 2147483647;
			files = (
			);
			runOnlyForDeploymentPostprocessing = 0;
		};
/* End PBXFrameworksBuildPhase section */

/* Begin PBXGroup section */
		757595602CCFE3920096A99F = {
			isa = PBXGroup;
			children = (
				757595652CCFE3920096A99F /* SlopeRacer Shared */,
				757595702CCFE3940096A99F /* SlopeRacer iOS */,
				757595802CCFE3940096A99F /* SlopeRacer tvOS */,
				757595902CCFE3940096A99F /* SlopeRacer macOS */,
				7575956F2CCFE3940096A99F /* Products */,
			);
			sourceTree = "<group>";
		};
		7575956F2CCFE3940096A99F /* Products */ = {
			isa = PBXGroup;
			children = (
				7575956E2CCFE3940096A99F /* SlopeRacer.app */,
				7575957F2CCFE3940096A99F /* SlopeRacer.app */,
				7575958F2CCFE3940096A99F /* SlopeRacer.app */,
			);
			name = Products;
			sourceTree = "<group>";
		};
/* End PBXGroup section */

/* Begin PBXNativeTarget section */
		7575956D2CCFE3940096A99F /* SlopeRacer iOS */ = {
			isa = PBXNativeTarget;
			buildConfigurationList = 757595A62CCFE3940096A99F /* Build configuration list for PBXNativeTarget "SlopeRacer iOS" */;
			buildPhases = (
				7575956A2CCFE3940096A99F /* Sources */,
				7575956B2CCFE3940096A99F /* Frameworks */,
				7575956C2CCFE3940096A99F /* Resources */,
			);
			buildRules = (
			);
			dependencies = (
			);
			fileSystemSynchronizedGroups = (
				757595702CCFE3940096A99F /* SlopeRacer iOS */,
			);
			name = "SlopeRacer iOS";
			packageProductDependencies = (
			);
			productName = "SlopeRacer iOS";
			productReference = 7575956E2CCFE3940096A99F /* SlopeRacer.app */;
			productType = "com.apple.product-type.application";
		};
		7575957E2CCFE3940096A99F /* SlopeRacer tvOS */ = {
			isa = PBXNativeTarget;
			buildConfigurationList = 757595AC2CCFE3940096A99F /* Build configuration list for PBXNativeTarget "SlopeRacer tvOS" */;
			buildPhases = (
				7575957B2CCFE3940096A99F /* Sources */,
				7575957C2CCFE3940096A99F /* Frameworks */,
				7575957D2CCFE3940096A99F /* Resources */,
			);
			buildRules = (
			);
			dependencies = (
			);
			fileSystemSynchronizedGroups = (
				757595802CCFE3940096A99F /* SlopeRacer tvOS */,
			);
			name = "SlopeRacer tvOS";
			packageProductDependencies = (
			);
			productName = "SlopeRacer tvOS";
			productReference = 7575957F2CCFE3940096A99F /* SlopeRacer.app */;
			productType = "com.apple.product-type.application";
		};
		7575958E2CCFE3940096A99F /* SlopeRacer macOS */ = {
			isa = PBXNativeTarget;
			buildConfigurationList = 757595B22CCFE3940096A99F /* Build configuration list for PBXNativeTarget "SlopeRacer macOS" */;
			buildPhases = (
				7575958B2CCFE3940096A99F /* Sources */,
				7575958C2CCFE3940096A99F /* Frameworks */,
				7575958D2CCFE3940096A99F /* Resources */,
			);
			buildRules = (
			);
			dependencies = (
			);
			fileSystemSynchronizedGroups = (
				757595902CCFE3940096A99F /* SlopeRacer macOS */,
			);
			name = "SlopeRacer macOS";
			packageProductDependencies = (
			);
			productName = "SlopeRacer macOS";
			productReference = 7575958F2CCFE3940096A99F /* SlopeRacer.app */;
			productType = "com.apple.product-type.application";
		};
/* End PBXNativeTarget section */

/* Begin PBXProject section */
		757595612CCFE3920096A99F /* Project object */ = {
			isa = PBXProject;
			attributes = {
				BuildIndependentTargetsInParallel = 1;
				LastSwiftUpdateCheck = 1610;
				LastUpgradeCheck = 1610;
				TargetAttributes = {
					7575956D2CCFE3940096A99F = {
						CreatedOnToolsVersion = 16.1;
					};
					7575957E2CCFE3940096A99F = {
						CreatedOnToolsVersion = 16.1;
					};
					7575958E2CCFE3940096A99F = {
						CreatedOnToolsVersion = 16.1;
					};
				};
			};
			buildConfigurationList = 757595642CCFE3920096A99F /* Build configuration list for PBXProject "SlopeRacer" */;
			developmentRegion = en;
			hasScannedForEncodings = 0;
			knownRegions = (
				en,
				Base,
			);
			mainGroup = 757595602CCFE3920096A99F;
			minimizedProjectReferenceProxies = 1;
			preferredProjectObjectVersion = 77;
			productRefGroup = 7575956F2CCFE3940096A99F /* Products */;
			projectDirPath = "";
			projectRoot = "";
			targets = (
				7575956D2CCFE3940096A99F /* SlopeRacer iOS */,
				7575957E2CCFE3940096A99F /* SlopeRacer tvOS */,
				7575958E2CCFE3940096A99F /* SlopeRacer macOS */,
			);
		};
/* End PBXProject section */

/* Begin PBXResourcesBuildPhase section */
		7575956C2CCFE3940096A99F /* Resources */ = {
			isa = PBXResourcesBuildPhase;
			buildActionMask = 2147483647;
			files = (
			);
			runOnlyForDeploymentPostprocessing = 0;
		};
		7575957D2CCFE3940096A99F /* Resources */ = {
			isa = PBXResourcesBuildPhase;
			buildActionMask = 2147483647;
			files = (
			);
			runOnlyForDeploymentPostprocessing = 0;
		};
		7575958D2CCFE3940096A99F /* Resources */ = {
			isa = PBXResourcesBuildPhase;
			buildActionMask = 2147483647;
			files = (
			);
			runOnlyForDeploymentPostprocessing = 0;
		};
/* End PBXResourcesBuildPhase section */

/* Begin PBXSourcesBuildPhase section */
		7575956A2CCFE3940096A99F /* Sources */ = {
			isa = PBXSourcesBuildPhase;
			buildActionMask = 2147483647;
			files = (
			);
			runOnlyForDeploymentPostprocessing = 0;
		};
		7575957B2CCFE3940096A99F /* Sources */ = {
			isa = PBXSourcesBuildPhase;
			buildActionMask = 2147483647;
			files = (
			);
			runOnlyForDeploymentPostprocessing = 0;
		};
		7575958B2CCFE3940096A99F /* Sources */ = {
			isa = PBXSourcesBuildPhase;
			buildActionMask = 2147483647;
			files = (
			);
			runOnlyForDeploymentPostprocessing = 0;
		};
/* End PBXSourcesBuildPhase section */

/* Begin XCBuildConfiguration section */
		757595A72CCFE3940096A99F /* Debug */ = {
			isa = XCBuildConfiguration;
			buildSettings = {
				ASSETCATALOG_COMPILER_APPICON_NAME = AppIcon;
				ASSETCATALOG_COMPILER_GLOBAL_ACCENT_COLOR_NAME = AccentColor;
				CODE_SIGN_STYLE = Automatic;
				CURRENT_PROJECT_VERSION = 1;
				DEVELOPMENT_TEAM = 9DTWZTN7QQ;
				GENERATE_INFOPLIST_FILE = YES;
				INFOPLIST_KEY_UIApplicationSupportsIndirectInputEvents = YES;
				INFOPLIST_KEY_UILaunchStoryboardName = LaunchScreen;
				INFOPLIST_KEY_UIMainStoryboardFile = Main;
				INFOPLIST_KEY_UIStatusBarHidden = YES;
				INFOPLIST_KEY_UISupportedInterfaceOrientations_iPad = "UIInterfaceOrientationPortrait UIInterfaceOrientationPortraitUpsideDown UIInterfaceOrientationLandscapeLeft UIInterfaceOrientationLandscapeRight";
				INFOPLIST_KEY_UISupportedInterfaceOrientations_iPhone = "UIInterfaceOrientationPortrait UIInterfaceOrientationLandscapeLeft UIInterfaceOrientationLandscapeRight";
				IPHONEOS_DEPLOYMENT_TARGET = 18.1;
				LD_RUNPATH_SEARCH_PATHS = (
					"$(inherited)",
					"@executable_path/Frameworks",
				);
				MARKETING_VERSION = 1.0;
				PRODUCT_BUNDLE_IDENTIFIER = as.SlopeRacer;
				PRODUCT_NAME = SlopeRacer;
				SDKROOT = iphoneos;
				SWIFT_EMIT_LOC_STRINGS = YES;
				SWIFT_VERSION = 5.0;
				TARGETED_DEVICE_FAMILY = "1,2";
			};
			name = Debug;
		};
		757595A82CCFE3940096A99F /* Release */ = {
			isa = XCBuildConfiguration;
			buildSettings = {
				ASSETCATALOG_COMPILER_APPICON_NAME = AppIcon;
				ASSETCATALOG_COMPILER_GLOBAL_ACCENT_COLOR_NAME = AccentColor;
				CODE_SIGN_STYLE = Automatic;
				CURRENT_PROJECT_VERSION = 1;
				DEVELOPMENT_TEAM = 9DTWZTN7QQ;
				GENERATE_INFOPLIST_FILE = YES;
				INFOPLIST_KEY_UIApplicationSupportsIndirectInputEvents = YES;
				INFOPLIST_KEY_UILaunchStoryboardName = LaunchScreen;
				INFOPLIST_KEY_UIMainStoryboardFile = Main;
				INFOPLIST_KEY_UIStatusBarHidden = YES;
				INFOPLIST_KEY_UISupportedInterfaceOrientations_iPad = "UIInterfaceOrientationPortrait UIInterfaceOrientationPortraitUpsideDown UIInterfaceOrientationLandscapeLeft UIInterfaceOrientationLandscapeRight";
				INFOPLIST_KEY_UISupportedInterfaceOrientations_iPhone = "UIInterfaceOrientationPortrait UIInterfaceOrientationLandscapeLeft UIInterfaceOrientationLandscapeRight";
				IPHONEOS_DEPLOYMENT_TARGET = 18.1;
				LD_RUNPATH_SEARCH_PATHS = (
					"$(inherited)",
					"@executable_path/Frameworks",
				);
				MARKETING_VERSION = 1.0;
				PRODUCT_BUNDLE_IDENTIFIER = as.SlopeRacer;
				PRODUCT_NAME = SlopeRacer;
				SDKROOT = iphoneos;
				SWIFT_EMIT_LOC_STRINGS = YES;
				SWIFT_VERSION = 5.0;
				TARGETED_DEVICE_FAMILY = "1,2";
				VALIDATE_PRODUCT = YES;
			};
			name = Release;
		};
		757595AD2CCFE3940096A99F /* Debug */ = {
			isa = XCBuildConfiguration;
			buildSettings = {
				ASSETCATALOG_COMPILER_APPICON_NAME = "tvOS App Icon & Top Shelf Image";
				ASSETCATALOG_COMPILER_GLOBAL_ACCENT_COLOR_NAME = AccentColor;
				CODE_SIGN_STYLE = Automatic;
				CURRENT_PROJECT_VERSION = 1;
				DEVELOPMENT_TEAM = 9DTWZTN7QQ;
				GENERATE_INFOPLIST_FILE = YES;
				INFOPLIST_KEY_UILaunchStoryboardName = LaunchScreen;
				INFOPLIST_KEY_UIMainStoryboardFile = Main;
				INFOPLIST_KEY_UIUserInterfaceStyle = Automatic;
				LD_RUNPATH_SEARCH_PATHS = (
					"$(inherited)",
					"@executable_path/Frameworks",
				);
				MARKETING_VERSION = 1.0;
				PRODUCT_BUNDLE_IDENTIFIER = as.SlopeRacer;
				PRODUCT_NAME = SlopeRacer;
				SDKROOT = appletvos;
				SWIFT_EMIT_LOC_STRINGS = YES;
				SWIFT_VERSION = 5.0;
				TARGETED_DEVICE_FAMILY = 3;
				TVOS_DEPLOYMENT_TARGET = 18.0;
			};
			name = Debug;
		};
		757595AE2CCFE3940096A99F /* Release */ = {
			isa = XCBuildConfiguration;
			buildSettings = {
				ASSETCATALOG_COMPILER_APPICON_NAME = "tvOS App Icon & Top Shelf Image";
				ASSETCATALOG_COMPILER_GLOBAL_ACCENT_COLOR_NAME = AccentColor;
				CODE_SIGN_STYLE = Automatic;
				CURRENT_PROJECT_VERSION = 1;
				DEVELOPMENT_TEAM = 9DTWZTN7QQ;
				GENERATE_INFOPLIST_FILE = YES;
				INFOPLIST_KEY_UILaunchStoryboardName = LaunchScreen;
				INFOPLIST_KEY_UIMainStoryboardFile = Main;
				INFOPLIST_KEY_UIUserInterfaceStyle = Automatic;
				LD_RUNPATH_SEARCH_PATHS = (
					"$(inherited)",
					"@executable_path/Frameworks",
				);
				MARKETING_VERSION = 1.0;
				PRODUCT_BUNDLE_IDENTIFIER = as.SlopeRacer;
				PRODUCT_NAME = SlopeRacer;
				SDKROOT = appletvos;
				SWIFT_EMIT_LOC_STRINGS = YES;
				SWIFT_VERSION = 5.0;
				TARGETED_DEVICE_FAMILY = 3;
				TVOS_DEPLOYMENT_TARGET = 18.0;
				VALIDATE_PRODUCT = YES;
			};
			name = Release;
		};
		757595B32CCFE3940096A99F /* Debug */ = {
			isa = XCBuildConfiguration;
			buildSettings = {
				ASSETCATALOG_COMPILER_APPICON_NAME = AppIcon;
				ASSETCATALOG_COMPILER_GLOBAL_ACCENT_COLOR_NAME = AccentColor;
				CODE_SIGN_ENTITLEMENTS = "SlopeRacer macOS/SlopeRacer_macOS.entitlements";
				CODE_SIGN_STYLE = Automatic;
				COMBINE_HIDPI_IMAGES = YES;
				CURRENT_PROJECT_VERSION = 1;
				DEVELOPMENT_TEAM = 9DTWZTN7QQ;
				ENABLE_HARDENED_RUNTIME = YES;
				GENERATE_INFOPLIST_FILE = YES;
				INFOPLIST_KEY_NSHumanReadableCopyright = "";
				INFOPLIST_KEY_NSMainStoryboardFile = Main;
				INFOPLIST_KEY_NSPrincipalClass = NSApplication;
				LD_RUNPATH_SEARCH_PATHS = (
					"$(inherited)",
					"@executable_path/../Frameworks",
				);
				MACOSX_DEPLOYMENT_TARGET = 15.0;
				MARKETING_VERSION = 1.0;
				PRODUCT_BUNDLE_IDENTIFIER = as.SlopeRacer;
				PRODUCT_NAME = SlopeRacer;
				SDKROOT = macosx;
				SWIFT_EMIT_LOC_STRINGS = YES;
				SWIFT_VERSION = 5.0;
			};
			name = Debug;
		};
		757595B42CCFE3940096A99F /* Release */ = {
			isa = XCBuildConfiguration;
			buildSettings = {
				ASSETCATALOG_COMPILER_APPICON_NAME = AppIcon;
				ASSETCATALOG_COMPILER_GLOBAL_ACCENT_COLOR_NAME = AccentColor;
				CODE_SIGN_ENTITLEMENTS = "SlopeRacer macOS/SlopeRacer_macOS.entitlements";
				CODE_SIGN_STYLE = Automatic;
				COMBINE_HIDPI_IMAGES = YES;
				CURRENT_PROJECT_VERSION = 1;
				DEVELOPMENT_TEAM = 9DTWZTN7QQ;
				ENABLE_HARDENED_RUNTIME = YES;
				GENERATE_INFOPLIST_FILE = YES;
				INFOPLIST_KEY_NSHumanReadableCopyright = "";
				INFOPLIST_KEY_NSMainStoryboardFile = Main;
				INFOPLIST_KEY_NSPrincipalClass = NSApplication;
				LD_RUNPATH_SEARCH_PATHS = (
					"$(inherited)",
					"@executable_path/../Frameworks",
				);
				MACOSX_DEPLOYMENT_TARGET = 15.0;
				MARKETING_VERSION = 1.0;
				PRODUCT_BUNDLE_IDENTIFIER = as.SlopeRacer;
				PRODUCT_NAME = SlopeRacer;
				SDKROOT = macosx;
				SWIFT_EMIT_LOC_STRINGS = YES;
				SWIFT_VERSION = 5.0;
			};
			name = Release;
		};
		757595B72CCFE3940096A99F /* Debug */ = {
			isa = XCBuildConfiguration;
			buildSettings = {
				ALWAYS_SEARCH_USER_PATHS = NO;
				ASSETCATALOG_COMPILER_GENERATE_SWIFT_ASSET_SYMBOL_EXTENSIONS = YES;
				CLANG_ANALYZER_NONNULL = YES;
				CLANG_ANALYZER_NUMBER_OBJECT_CONVERSION = YES_AGGRESSIVE;
				CLANG_CXX_LANGUAGE_STANDARD = "gnu++20";
				CLANG_ENABLE_MODULES = YES;
				CLANG_ENABLE_OBJC_ARC = YES;
				CLANG_ENABLE_OBJC_WEAK = YES;
				CLANG_WARN_BLOCK_CAPTURE_AUTORELEASING = YES;
				CLANG_WARN_BOOL_CONVERSION = YES;
				CLANG_WARN_COMMA = YES;
				CLANG_WARN_CONSTANT_CONVERSION = YES;
				CLANG_WARN_DEPRECATED_OBJC_IMPLEMENTATIONS = YES;
				CLANG_WARN_DIRECT_OBJC_ISA_USAGE = YES_ERROR;
				CLANG_WARN_DOCUMENTATION_COMMENTS = YES;
				CLANG_WARN_EMPTY_BODY = YES;
				CLANG_WARN_ENUM_CONVERSION = YES;
				CLANG_WARN_INFINITE_RECURSION = YES;
				CLANG_WARN_INT_CONVERSION = YES;
				CLANG_WARN_NON_LITERAL_NULL_CONVERSION = YES;
				CLANG_WARN_OBJC_IMPLICIT_RETAIN_SELF = YES;
				CLANG_WARN_OBJC_LITERAL_CONVERSION = YES;
				CLANG_WARN_OBJC_ROOT_CLASS = YES_ERROR;
				CLANG_WARN_QUOTED_INCLUDE_IN_FRAMEWORK_HEADER = YES;
				CLANG_WARN_RANGE_LOOP_ANALYSIS = YES;
				CLANG_WARN_STRICT_PROTOTYPES = YES;
				CLANG_WARN_SUSPICIOUS_MOVE = YES;
				CLANG_WARN_UNGUARDED_AVAILABILITY = YES_AGGRESSIVE;
				CLANG_WARN_UNREACHABLE_CODE = YES;
				CLANG_WARN__DUPLICATE_METHOD_MATCH = YES;
				COPY_PHASE_STRIP = NO;
				DEBUG_INFORMATION_FORMAT = dwarf;
				ENABLE_STRICT_OBJC_MSGSEND = YES;
				ENABLE_TESTABILITY = YES;
				ENABLE_USER_SCRIPT_SANDBOXING = YES;
				GCC_C_LANGUAGE_STANDARD = gnu17;
				GCC_DYNAMIC_NO_PIC = NO;
				GCC_NO_COMMON_BLOCKS = YES;
				GCC_OPTIMIZATION_LEVEL = 0;
				GCC_PREPROCESSOR_DEFINITIONS = (
					"DEBUG=1",
					"$(inherited)",
				);
				GCC_WARN_64_TO_32_BIT_CONVERSION = YES;
				GCC_WARN_ABOUT_RETURN_TYPE = YES_ERROR;
				GCC_WARN_UNDECLARED_SELECTOR = YES;
				GCC_WARN_UNINITIALIZED_AUTOS = YES_AGGRESSIVE;
				GCC_WARN_UNUSED_FUNCTION = YES;
				GCC_WARN_UNUSED_VARIABLE = YES;
				LOCALIZATION_PREFERS_STRING_CATALOGS = YES;
				MTL_ENABLE_DEBUG_INFO = INCLUDE_SOURCE;
				MTL_FAST_MATH = YES;
				ONLY_ACTIVE_ARCH = YES;
				SWIFT_ACTIVE_COMPILATION_CONDITIONS = "DEBUG $(inherited)";
				SWIFT_OPTIMIZATION_LEVEL = "-Onone";
			};
			name = Debug;
		};
		757595B82CCFE3940096A99F /* Release */ = {
			isa = XCBuildConfiguration;
			buildSettings = {
				ALWAYS_SEARCH_USER_PATHS = NO;
				ASSETCATALOG_COMPILER_GENERATE_SWIFT_ASSET_SYMBOL_EXTENSIONS = YES;
				CLANG_ANALYZER_NONNULL = YES;
				CLANG_ANALYZER_NUMBER_OBJECT_CONVERSION = YES_AGGRESSIVE;
				CLANG_CXX_LANGUAGE_STANDARD = "gnu++20";
				CLANG_ENABLE_MODULES = YES;
				CLANG_ENABLE_OBJC_ARC = YES;
				CLANG_ENABLE_OBJC_WEAK = YES;
				CLANG_WARN_BLOCK_CAPTURE_AUTORELEASING = YES;
				CLANG_WARN_BOOL_CONVERSION = YES;
				CLANG_WARN_COMMA = YES;
				CLANG_WARN_CONSTANT_CONVERSION = YES;
				CLANG_WARN_DEPRECATED_OBJC_IMPLEMENTATIONS = YES;
				CLANG_WARN_DIRECT_OBJC_ISA_USAGE = YES_ERROR;
				CLANG_WARN_DOCUMENTATION_COMMENTS = YES;
				CLANG_WARN_EMPTY_BODY = YES;
				CLANG_WARN_ENUM_CONVERSION = YES;
				CLANG_WARN_INFINITE_RECURSION = YES;
				CLANG_WARN_INT_CONVERSION = YES;
				CLANG_WARN_NON_LITERAL_NULL_CONVERSION = YES;
				CLANG_WARN_OBJC_IMPLICIT_RETAIN_SELF = YES;
				CLANG_WARN_OBJC_LITERAL_CONVERSION = YES;
				CLANG_WARN_OBJC_ROOT_CLASS = YES_ERROR;
				CLANG_WARN_QUOTED_INCLUDE_IN_FRAMEWORK_HEADER = YES;
				CLANG_WARN_RANGE_LOOP_ANALYSIS = YES;
				CLANG_WARN_STRICT_PROTOTYPES = YES;
				CLANG_WARN_SUSPICIOUS_MOVE = YES;
				CLANG_WARN_UNGUARDED_AVAILABILITY = YES_AGGRESSIVE;
				CLANG_WARN_UNREACHABLE_CODE = YES;
				CLANG_WARN__DUPLICATE_METHOD_MATCH = YES;
				COPY_PHASE_STRIP = NO;
				DEBUG_INFORMATION_FORMAT = "dwarf-with-dsym";
				ENABLE_NS_ASSERTIONS = NO;
				ENABLE_STRICT_OBJC_MSGSEND = YES;
				ENABLE_USER_SCRIPT_SANDBOXING = YES;
				GCC_C_LANGUAGE_STANDARD = gnu17;
				GCC_NO_COMMON_BLOCKS = YES;
				GCC_WARN_64_TO_32_BIT_CONVERSION = YES;
				GCC_WARN_ABOUT_RETURN_TYPE = YES_ERROR;
				GCC_WARN_UNDECLARED_SELECTOR = YES;
				GCC_WARN_UNINITIALIZED_AUTOS = YES_AGGRESSIVE;
				GCC_WARN_UNUSED_FUNCTION = YES;
				GCC_WARN_UNUSED_VARIABLE = YES;
				LOCALIZATION_PREFERS_STRING_CATALOGS = YES;
				MTL_ENABLE_DEBUG_INFO = NO;
				MTL_FAST_MATH = YES;
				SWIFT_COMPILATION_MODE = wholemodule;
			};
			name = Release;
		};
/* End XCBuildConfiguration section */

/* Begin XCConfigurationList section */
		757595642CCFE3920096A99F /* Build configuration list for PBXProject "SlopeRacer" */ = {
			isa = XCConfigurationList;
			buildConfigurations = (
				757595B72CCFE3940096A99F /* Debug */,
				757595B82CCFE3940096A99F /* Release */,
			);
			defaultConfigurationIsVisible = 0;
			defaultConfigurationName = Release;
		};
		757595A62CCFE3940096A99F /* Build configuration list for PBXNativeTarget "SlopeRacer iOS" */ = {
			isa = XCConfigurationList;
			buildConfigurations = (
				757595A72CCFE3940096A99F /* Debug */,
				757595A82CCFE3940096A99F /* Release */,
			);
			defaultConfigurationIsVisible = 0;
			defaultConfigurationName = Release;
		};
		757595AC2CCFE3940096A99F /* Build configuration list for PBXNativeTarget "SlopeRacer tvOS" */ = {
			isa = XCConfigurationList;
			buildConfigurations = (
				757595AD2CCFE3940096A99F /* Debug */,
				757595AE2CCFE3940096A99F /* Release */,
			);
			defaultConfigurationIsVisible = 0;
			defaultConfigurationName = Release;
		};
		757595B22CCFE3940096A99F /* Build configuration list for PBXNativeTarget "SlopeRacer macOS" */ = {
			isa = XCConfigurationList;
			buildConfigurations = (
				757595B32CCFE3940096A99F /* Debug */,
				757595B42CCFE3940096A99F /* Release */,
			);
			defaultConfigurationIsVisible = 0;
			defaultConfigurationName = Release;
		};
/* End XCConfigurationList section */
	};
	rootObject = 757595612CCFE3920096A99F /* Project object */;
}
